
Microsoft Visual Studio Solution File, Format Version 12.00
# Visual Studio Version 17
VisualStudioVersion = 17.0.31903.59
MinimumVisualStudioVersion = 10.0.40219.1
Project("{9A19103F-16F7-4668-BE54-9A1E7A4F7556}") = "FileManager", "FileManager\FileManager.csproj", "{653859A5-592B-42DB-9CA1-E09875273475}"
EndProject
Project("{9A19103F-16F7-4668-BE54-9A1E7A4F7556}") = "FileManager.Domain", "FileManager.Domain\FileManager.Domain.csproj", "{EC749F0A-CCF0-425B-978F-4756146FF296}"
EndProject
Project("{9A19103F-16F7-4668-BE54-9A1E7A4F7556}") = "FileManager.test", "FileManager.test\FileManager.test.csproj", "{7939DADC-6B4C-418F-BE71-60C92BF256B6}"
EndProject
Project("{9A19103F-16F7-4668-BE54-9A1E7A4F7556}") = "FileManager.Infrastructure", "FileManager.Infrastructure\FileManager.Infrastructure.csproj", "{484D0074-9442-4478-8F28-148553C5AE2C}"
EndProject
Project("{9A19103F-16F7-4668-BE54-9A1E7A4F7556}") = "Common", "Common\Common.csproj", "{A97C4B78-37FB-432F-B0D1-51AB28299959}"
EndProject
Project("{9A19103F-16F7-4668-BE54-9A1E7A4F7556}") = "FileManager.Infrastructure.Tests", "FileManager.Infrastructure.Tests\FileManager.Infrastructure.Tests.csproj", "{23669FE2-826B-43D1-9A69-86F73332E3A5}"
EndProject
Global
	GlobalSection(SolutionConfigurationPlatforms) = preSolution
		Debug|Any CPU = Debug|Any CPU
		Release|Any CPU = Release|Any CPU
	EndGlobalSection
	GlobalSection(ProjectConfigurationPlatforms) = postSolution
		{653859A5-592B-42DB-9CA1-E09875273475}.Debug|Any CPU.ActiveCfg = Debug|Any CPU
		{653859A5-592B-42DB-9CA1-E09875273475}.Debug|Any CPU.Build.0 = Debug|Any CPU
		{653859A5-592B-42DB-9CA1-E09875273475}.Release|Any CPU.ActiveCfg = Release|Any CPU
		{653859A5-592B-42DB-9CA1-E09875273475}.Release|Any CPU.Build.0 = Release|Any CPU
		{EC749F0A-CCF0-425B-978F-4756146FF296}.Debug|Any CPU.ActiveCfg = Debug|Any CPU
		{EC749F0A-CCF0-425B-978F-4756146FF296}.Debug|Any CPU.Build.0 = Debug|Any CPU
		{EC749F0A-CCF0-425B-978F-4756146FF296}.Release|Any CPU.ActiveCfg = Release|Any CPU
		{EC749F0A-CCF0-425B-978F-4756146FF296}.Release|Any CPU.Build.0 = Release|Any CPU
		{7939DADC-6B4C-418F-BE71-60C92BF256B6}.Debug|Any CPU.ActiveCfg = Debug|Any CPU
		{7939DADC-6B4C-418F-BE71-60C92BF256B6}.Debug|Any CPU.Build.0 = Debug|Any CPU
		{7939DADC-6B4C-418F-BE71-60C92BF256B6}.Release|Any CPU.ActiveCfg = Release|Any CPU
		{7939DADC-6B4C-418F-BE71-60C92BF256B6}.Release|Any CPU.Build.0 = Release|Any CPU
		{484D0074-9442-4478-8F28-148553C5AE2C}.Debug|Any CPU.ActiveCfg = Debug|Any CPU
		{484D0074-9442-4478-8F28-148553C5AE2C}.Debug|Any CPU.Build.0 = Debug|Any CPU
		{484D0074-9442-4478-8F28-148553C5AE2C}.Release|Any CPU.ActiveCfg = Release|Any CPU
		{484D0074-9442-4478-8F28-148553C5AE2C}.Release|Any CPU.Build.0 = Release|Any CPU
		{A97C4B78-37FB-432F-B0D1-51AB28299959}.Debug|Any CPU.ActiveCfg = Debug|Any CPU
		{A97C4B78-37FB-432F-B0D1-51AB28299959}.Debug|Any CPU.Build.0 = Debug|Any CPU
		{A97C4B78-37FB-432F-B0D1-51AB28299959}.Release|Any CPU.ActiveCfg = Release|Any CPU
		{A97C4B78-37FB-432F-B0D1-51AB28299959}.Release|Any CPU.Build.0 = Release|Any CPU
		{23669FE2-826B-43D1-9A69-86F73332E3A5}.Debug|Any CPU.ActiveCfg = Debug|Any CPU
		{23669FE2-826B-43D1-9A69-86F73332E3A5}.Debug|Any CPU.Build.0 = Debug|Any CPU
		{23669FE2-826B-43D1-9A69-86F73332E3A5}.Release|Any CPU.ActiveCfg = Release|Any CPU
		{23669FE2-826B-43D1-9A69-86F73332E3A5}.Release|Any CPU.Build.0 = Release|Any CPU
	EndGlobalSection
	GlobalSection(SolutionProperties) = preSolution
		HideSolutionNode = FALSE
	EndGlobalSection
	GlobalSection(ExtensibilityGlobals) = postSolution
		SolutionGuid = {3526270E-2862-44FD-A439-341CB92B8041}
	EndGlobalSection
EndGlobal
