
Microsoft Visual Studio Solution File, Format Version 12.00
# Visual Studio Version 16
VisualStudioVersion = 16.0.31402.337
MinimumVisualStudioVersion = 10.0.40219.1
Project("{FAE04EC0-301F-11D3-BF4B-00C04F79EFBC}") = "FileManager", "FileManager\FileManager.csproj", "{653859A5-592B-42DB-9CA1-E09875273475}"
EndProject
Global
	GlobalSection(SolutionConfigurationPlatforms) = preSolution
		Debug|Any CPU = Debug|Any CPU
		Release|Any CPU = Release|Any CPU
	EndGlobalSection
	GlobalSection(ProjectConfigurationPlatforms) = postSolution
		{653859A5-592B-42DB-9CA1-E09875273475}.Debug|Any CPU.ActiveCfg = Debug|Any CPU
		{653859A5-592B-42DB-9CA1-E09875273475}.Debug|Any CPU.Build.0 = Debug|Any CPU
		{653859A5-592B-42DB-9CA1-E09875273475}.Release|Any CPU.ActiveCfg = Release|Any CPU
		{653859A5-592B-42DB-9CA1-E09875273475}.Release|Any CPU.Build.0 = Release|Any CPU
	EndGlobalSection
	GlobalSection(SolutionProperties) = preSolution
		HideSolutionNode = FALSE
	EndGlobalSection
	GlobalSection(ExtensibilityGlobals) = postSolution
		SolutionGuid = {3526270E-2862-44FD-A439-341CB92B8041}
	EndGlobalSection
EndGlobal
